
Microsoft Visual Studio Solution File, Format Version 12.00
# Visual Studio Version 17
VisualStudioVersion = 17.8.34316.72
MinimumVisualStudioVersion = 10.0.40219.1
Project("{9A19103F-16F7-4668-BE54-9A1E7A4F7556}") = "WebApplicationDemoS4", "WebApplicationDemoS4.csproj", "{ED5F00CD-B96C-47E6-BCC5-1E988D4F31D4}"
EndProject
Project("{FAE04EC0-301F-11D3-BF4B-00C04F79EFBC}") = "MVC_Web_App", "..\MVC_Web_App\MVC_Web_App.csproj", "{D31C7082-5F51-4B6F-A9D3-D993DE154787}"
EndProject
Global
	GlobalSection(SolutionConfigurationPlatforms) = preSolution
		Debug|Any CPU = Debug|Any CPU
		Release|Any CPU = Release|Any CPU
	EndGlobalSection
	GlobalSection(ProjectConfigurationPlatforms) = postSolution
		{ED5F00CD-B96C-47E6-BCC5-1E988D4F31D4}.Debug|Any CPU.ActiveCfg = Debug|Any CPU
		{ED5F00CD-B96C-47E6-BCC5-1E988D4F31D4}.Debug|Any CPU.Build.0 = Debug|Any CPU
		{ED5F00CD-B96C-47E6-BCC5-1E988D4F31D4}.Release|Any CPU.ActiveCfg = Release|Any CPU
		{ED5F00CD-B96C-47E6-BCC5-1E988D4F31D4}.Release|Any CPU.Build.0 = Release|Any CPU
		{D31C7082-5F51-4B6F-A9D3-D993DE154787}.Debug|Any CPU.ActiveCfg = Debug|Any CPU
		{D31C7082-5F51-4B6F-A9D3-D993DE154787}.Debug|Any CPU.Build.0 = Debug|Any CPU
		{D31C7082-5F51-4B6F-A9D3-D993DE154787}.Release|Any CPU.ActiveCfg = Release|Any CPU
		{D31C7082-5F51-4B6F-A9D3-D993DE154787}.Release|Any CPU.Build.0 = Release|Any CPU
	EndGlobalSection
	GlobalSection(SolutionProperties) = preSolution
		HideSolutionNode = FALSE
	EndGlobalSection
	GlobalSection(ExtensibilityGlobals) = postSolution
		SolutionGuid = {28C86CD0-EB98-42AD-9FF9-A32CF641D618}
	EndGlobalSection
EndGlobal
